
Microsoft Visual Studio Solution File, Format Version 12.00
# Visual Studio 14
VisualStudioVersion = 14.0.24720.0
MinimumVisualStudioVersion = 10.0.40219.1
Project("{FAE04EC0-301F-11D3-BF4B-00C04F79EFBC}") = "llh-crm-cs", "llh-crm-cs\llh-crm-cs.csproj", "{9783FF66-7384-4675-9B8A-4BB1EECF2C24}"
EndProject
Project("{FAE04EC0-301F-11D3-BF4B-00C04F79EFBC}") = "llh-crm-cs.Tests", "llh-crm-cs.Tests\llh-crm-cs.Tests.csproj", "{A9F4508D-3725-4867-857F-FB966B2213D1}"
EndProject
Global
	GlobalSection(SolutionConfigurationPlatforms) = preSolution
		Debug|Any CPU = Debug|Any CPU
		Release|Any CPU = Release|Any CPU
	EndGlobalSection
	GlobalSection(ProjectConfigurationPlatforms) = postSolution
		{9783FF66-7384-4675-9B8A-4BB1EECF2C24}.Debug|Any CPU.ActiveCfg = Debug|Any CPU
		{9783FF66-7384-4675-9B8A-4BB1EECF2C24}.Debug|Any CPU.Build.0 = Debug|Any CPU
		{9783FF66-7384-4675-9B8A-4BB1EECF2C24}.Release|Any CPU.ActiveCfg = Release|Any CPU
		{9783FF66-7384-4675-9B8A-4BB1EECF2C24}.Release|Any CPU.Build.0 = Release|Any CPU
		{A9F4508D-3725-4867-857F-FB966B2213D1}.Debug|Any CPU.ActiveCfg = Debug|Any CPU
		{A9F4508D-3725-4867-857F-FB966B2213D1}.Debug|Any CPU.Build.0 = Debug|Any CPU
		{A9F4508D-3725-4867-857F-FB966B2213D1}.Release|Any CPU.ActiveCfg = Release|Any CPU
		{A9F4508D-3725-4867-857F-FB966B2213D1}.Release|Any CPU.Build.0 = Release|Any CPU
	EndGlobalSection
	GlobalSection(SolutionProperties) = preSolution
		HideSolutionNode = FALSE
	EndGlobalSection
EndGlobal
